
Microsoft Visual Studio Solution File, Format Version 12.00
# Visual Studio Version 17
VisualStudioVersion = 17.5.33530.505
MinimumVisualStudioVersion = 10.0.40219.1
Project("{FAE04EC0-301F-11D3-BF4B-00C04F79EFBC}") = "CreditApplicationSystem", "CreditApplicationSystem\CreditApplicationSystem.csproj", "{F4E5C417-C0CC-4178-A1BB-9C6A871D4B44}"
EndProject
Global
	GlobalSection(SolutionConfigurationPlatforms) = preSolution
		Debug|Any CPU = Debug|Any CPU
		Release|Any CPU = Release|Any CPU
	EndGlobalSection
	GlobalSection(ProjectConfigurationPlatforms) = postSolution
		{F4E5C417-C0CC-4178-A1BB-9C6A871D4B44}.Debug|Any CPU.ActiveCfg = Debug|Any CPU
		{F4E5C417-C0CC-4178-A1BB-9C6A871D4B44}.Debug|Any CPU.Build.0 = Debug|Any CPU
		{F4E5C417-C0CC-4178-A1BB-9C6A871D4B44}.Release|Any CPU.ActiveCfg = Release|Any CPU
		{F4E5C417-C0CC-4178-A1BB-9C6A871D4B44}.Release|Any CPU.Build.0 = Release|Any CPU
	EndGlobalSection
	GlobalSection(SolutionProperties) = preSolution
		HideSolutionNode = FALSE
	EndGlobalSection
	GlobalSection(ExtensibilityGlobals) = postSolution
		SolutionGuid = {A06FEA97-47D3-4095-B304-C3E415877183}
	EndGlobalSection
EndGlobal
